
Microsoft Visual Studio Solution File, Format Version 12.00
# Visual Studio Version 16
VisualStudioVersion = 16.0.30128.74
MinimumVisualStudioVersion = 10.0.40219.1
Project("{FAE04EC0-301F-11D3-BF4B-00C04F79EFBC}") = "Qhsm", "Qhsm\Qhsm.csproj", "{2C6536D0-B02E-4E26-9D5D-FF655510E55A}"
EndProject
Project("{FAE04EC0-301F-11D3-BF4B-00C04F79EFBC}") = "Qhsm.Test", "Qhsm.Test\Qhsm.Test.csproj", "{E2F6000E-4436-4C99-80E5-25AFDACFA882}"
EndProject
Project("{FAE04EC0-301F-11D3-BF4B-00C04F79EFBC}") = "TestProgram", "TestProgram\TestProgram.csproj", "{F51F1751-DB6A-480B-99AA-E36AE934CD7C}"
EndProject
Global
	GlobalSection(SolutionConfigurationPlatforms) = preSolution
		Debug|Any CPU = Debug|Any CPU
		Release|Any CPU = Release|Any CPU
	EndGlobalSection
	GlobalSection(ProjectConfigurationPlatforms) = postSolution
		{2C6536D0-B02E-4E26-9D5D-FF655510E55A}.Debug|Any CPU.ActiveCfg = Debug|Any CPU
		{2C6536D0-B02E-4E26-9D5D-FF655510E55A}.Debug|Any CPU.Build.0 = Debug|Any CPU
		{2C6536D0-B02E-4E26-9D5D-FF655510E55A}.Release|Any CPU.ActiveCfg = Release|Any CPU
		{2C6536D0-B02E-4E26-9D5D-FF655510E55A}.Release|Any CPU.Build.0 = Release|Any CPU
		{E2F6000E-4436-4C99-80E5-25AFDACFA882}.Debug|Any CPU.ActiveCfg = Debug|Any CPU
		{E2F6000E-4436-4C99-80E5-25AFDACFA882}.Debug|Any CPU.Build.0 = Debug|Any CPU
		{E2F6000E-4436-4C99-80E5-25AFDACFA882}.Release|Any CPU.ActiveCfg = Release|Any CPU
		{E2F6000E-4436-4C99-80E5-25AFDACFA882}.Release|Any CPU.Build.0 = Release|Any CPU
		{F51F1751-DB6A-480B-99AA-E36AE934CD7C}.Debug|Any CPU.ActiveCfg = Debug|Any CPU
		{F51F1751-DB6A-480B-99AA-E36AE934CD7C}.Debug|Any CPU.Build.0 = Debug|Any CPU
		{F51F1751-DB6A-480B-99AA-E36AE934CD7C}.Release|Any CPU.ActiveCfg = Release|Any CPU
		{F51F1751-DB6A-480B-99AA-E36AE934CD7C}.Release|Any CPU.Build.0 = Release|Any CPU
	EndGlobalSection
	GlobalSection(SolutionProperties) = preSolution
		HideSolutionNode = FALSE
	EndGlobalSection
	GlobalSection(ExtensibilityGlobals) = postSolution
		SolutionGuid = {DA078030-1B34-41DF-8DA5-3154F37C9C47}
	EndGlobalSection
EndGlobal
